
Microsoft Visual Studio Solution File, Format Version 12.00
# Visual Studio Version 16
VisualStudioVersion = 16.0.31727.386
MinimumVisualStudioVersion = 10.0.40219.1
Project("{8BC9CEB8-8B4A-11D0-8D11-00A0C91BC942}") = "객체프로젝트", "객체프로젝트\객체프로젝트.vcxproj", "{5BCF99E8-6CD6-46B0-9B65-5C6031AA7380}"
EndProject
Global
	GlobalSection(SolutionConfigurationPlatforms) = preSolution
		Debug|x64 = Debug|x64
		Debug|x86 = Debug|x86
		Release|x64 = Release|x64
		Release|x86 = Release|x86
	EndGlobalSection
	GlobalSection(ProjectConfigurationPlatforms) = postSolution
		{5BCF99E8-6CD6-46B0-9B65-5C6031AA7380}.Debug|x64.ActiveCfg = Debug|x64
		{5BCF99E8-6CD6-46B0-9B65-5C6031AA7380}.Debug|x64.Build.0 = Debug|x64
		{5BCF99E8-6CD6-46B0-9B65-5C6031AA7380}.Debug|x86.ActiveCfg = Debug|Win32
		{5BCF99E8-6CD6-46B0-9B65-5C6031AA7380}.Debug|x86.Build.0 = Debug|Win32
		{5BCF99E8-6CD6-46B0-9B65-5C6031AA7380}.Release|x64.ActiveCfg = Release|x64
		{5BCF99E8-6CD6-46B0-9B65-5C6031AA7380}.Release|x64.Build.0 = Release|x64
		{5BCF99E8-6CD6-46B0-9B65-5C6031AA7380}.Release|x86.ActiveCfg = Release|Win32
		{5BCF99E8-6CD6-46B0-9B65-5C6031AA7380}.Release|x86.Build.0 = Release|Win32
	EndGlobalSection
	GlobalSection(SolutionProperties) = preSolution
		HideSolutionNode = FALSE
	EndGlobalSection
	GlobalSection(ExtensibilityGlobals) = postSolution
		SolutionGuid = {E331B11F-AAD7-4A6C-A976-A7528540422A}
	EndGlobalSection
EndGlobal
